
Microsoft Visual Studio Solution File, Format Version 12.00
# Visual Studio Version 16
VisualStudioVersion = 16.0.32228.343
MinimumVisualStudioVersion = 10.0.40219.1
Project("{FAE04EC0-301F-11D3-BF4B-00C04F79EFBC}") = "lab_2_zadanie", "lab_2_zadanie\lab_2_zadanie.csproj", "{504D7EA8-BA4F-4AFD-8E15-B527A93E563E}"
EndProject
Global
	GlobalSection(SolutionConfigurationPlatforms) = preSolution
		Debug|Any CPU = Debug|Any CPU
		Release|Any CPU = Release|Any CPU
	EndGlobalSection
	GlobalSection(ProjectConfigurationPlatforms) = postSolution
		{504D7EA8-BA4F-4AFD-8E15-B527A93E563E}.Debug|Any CPU.ActiveCfg = Debug|Any CPU
		{504D7EA8-BA4F-4AFD-8E15-B527A93E563E}.Debug|Any CPU.Build.0 = Debug|Any CPU
		{504D7EA8-BA4F-4AFD-8E15-B527A93E563E}.Release|Any CPU.ActiveCfg = Release|Any CPU
		{504D7EA8-BA4F-4AFD-8E15-B527A93E563E}.Release|Any CPU.Build.0 = Release|Any CPU
	EndGlobalSection
	GlobalSection(SolutionProperties) = preSolution
		HideSolutionNode = FALSE
	EndGlobalSection
	GlobalSection(ExtensibilityGlobals) = postSolution
		SolutionGuid = {8169D6D8-44B3-4817-84EC-ED4466506A02}
	EndGlobalSection
EndGlobal
